
Microsoft Visual Studio Solution File, Format Version 12.00
# Visual Studio Version 16
VisualStudioVersion = 16.0.30204.135
MinimumVisualStudioVersion = 10.0.40219.1
Project("{FAE04EC0-301F-11D3-BF4B-00C04F79EFBC}") = "HelloWorld", "HelloWorld\HelloWorld.csproj", "{D0847365-48F2-4D26-8415-797CF3662475}"
EndProject
Project("{FAE04EC0-301F-11D3-BF4B-00C04F79EFBC}") = "Test", "Test\Test.csproj", "{0A26E273-43AF-4522-8E41-ADE7FE7E17FF}"
EndProject
Global
	GlobalSection(SolutionConfigurationPlatforms) = preSolution
		Debug|Any CPU = Debug|Any CPU
		Release|Any CPU = Release|Any CPU
	EndGlobalSection
	GlobalSection(ProjectConfigurationPlatforms) = postSolution
		{D0847365-48F2-4D26-8415-797CF3662475}.Debug|Any CPU.ActiveCfg = Debug|Any CPU
		{D0847365-48F2-4D26-8415-797CF3662475}.Debug|Any CPU.Build.0 = Debug|Any CPU
		{D0847365-48F2-4D26-8415-797CF3662475}.Release|Any CPU.ActiveCfg = Release|Any CPU
		{D0847365-48F2-4D26-8415-797CF3662475}.Release|Any CPU.Build.0 = Release|Any CPU
		{0A26E273-43AF-4522-8E41-ADE7FE7E17FF}.Debug|Any CPU.ActiveCfg = Debug|Any CPU
		{0A26E273-43AF-4522-8E41-ADE7FE7E17FF}.Debug|Any CPU.Build.0 = Debug|Any CPU
		{0A26E273-43AF-4522-8E41-ADE7FE7E17FF}.Release|Any CPU.ActiveCfg = Release|Any CPU
		{0A26E273-43AF-4522-8E41-ADE7FE7E17FF}.Release|Any CPU.Build.0 = Release|Any CPU
	EndGlobalSection
	GlobalSection(SolutionProperties) = preSolution
		HideSolutionNode = FALSE
	EndGlobalSection
	GlobalSection(ExtensibilityGlobals) = postSolution
		SolutionGuid = {D47FF5E6-5A3B-4D1F-896F-B2F72BF99245}
	EndGlobalSection
EndGlobal
